// !$*UTF8*$!
{
	archiveVersion = 1;
	classes = {
	};
	objectVersion = 50;
	objects = {

/* Begin PBXBuildFile section */
		C2E6304C25A5595C005B2733 /* main.swift in Sources */ = {isa = PBXBuildFile; fileRef = C2E6304B25A5595C005B2733 /* main.swift */; };
		C2E6307425A6935D005B2733 /* Card.swift in Sources */ = {isa = PBXBuildFile; fileRef = C2E6307325A6935D005B2733 /* Card.swift */; };
		C2E6307D25A695E2005B2733 /* CardTest.swift in Sources */ = {isa = PBXBuildFile; fileRef = C2E6307C25A695E2005B2733 /* CardTest.swift */; };
		C2E6308425A695E6005B2733 /* Card.swift in Sources */ = {isa = PBXBuildFile; fileRef = C2E6307325A6935D005B2733 /* Card.swift */; };
		C2E6308A25A69C29005B2733 /* Deck.swift in Sources */ = {isa = PBXBuildFile; fileRef = C2E6308925A69C29005B2733 /* Deck.swift */; };
		C2E6309525A6A2A3005B2733 /* DeckTest.swift in Sources */ = {isa = PBXBuildFile; fileRef = C2E6309425A6A2A3005B2733 /* DeckTest.swift */; };
		C2E6309D25A6A2A7005B2733 /* Deck.swift in Sources */ = {isa = PBXBuildFile; fileRef = C2E6308925A69C29005B2733 /* Deck.swift */; };
		C2E6309E25A6A2AF005B2733 /* Card.swift in Sources */ = {isa = PBXBuildFile; fileRef = C2E6307325A6935D005B2733 /* Card.swift */; };
		C2E630AA25A6B3F3005B2733 /* GameTable.swift in Sources */ = {isa = PBXBuildFile; fileRef = C2E630A925A6B3F3005B2733 /* GameTable.swift */; };
		C2E630AF25A6B3FB005B2733 /* Player.swift in Sources */ = {isa = PBXBuildFile; fileRef = C2E630AE25A6B3FB005B2733 /* Player.swift */; };
		C2E630B425A6B41C005B2733 /* Dealer.swift in Sources */ = {isa = PBXBuildFile; fileRef = C2E630B325A6B41C005B2733 /* Dealer.swift */; };
		C2E630BF25A6D22B005B2733 /* GameTableTest.swift in Sources */ = {isa = PBXBuildFile; fileRef = C2E630BE25A6D22B005B2733 /* GameTableTest.swift */; };
		C2E630C825A6D233005B2733 /* GameTable.swift in Sources */ = {isa = PBXBuildFile; fileRef = C2E630A925A6B3F3005B2733 /* GameTable.swift */; };
		C2E630CD25A6D239005B2733 /* Deck.swift in Sources */ = {isa = PBXBuildFile; fileRef = C2E6308925A69C29005B2733 /* Deck.swift */; };
		C2E630D225A6D23B005B2733 /* Player.swift in Sources */ = {isa = PBXBuildFile; fileRef = C2E630AE25A6B3FB005B2733 /* Player.swift */; };
		C2E630D725A6D23D005B2733 /* Dealer.swift in Sources */ = {isa = PBXBuildFile; fileRef = C2E630B325A6B41C005B2733 /* Dealer.swift */; };
		C2E630E125A6D466005B2733 /* Card.swift in Sources */ = {isa = PBXBuildFile; fileRef = C2E6307325A6935D005B2733 /* Card.swift */; };
		C2E630F525A6E2AA005B2733 /* PlayerTest.swift in Sources */ = {isa = PBXBuildFile; fileRef = C2E630F425A6E2AA005B2733 /* PlayerTest.swift */; };
		C2E630FF25A6E2B0005B2733 /* Player.swift in Sources */ = {isa = PBXBuildFile; fileRef = C2E630AE25A6B3FB005B2733 /* Player.swift */; };
		C2E6310525A6E2B4005B2733 /* Card.swift in Sources */ = {isa = PBXBuildFile; fileRef = C2E6307325A6935D005B2733 /* Card.swift */; };
		C2E6314125A80976005B2733 /* CardNum.swift in Sources */ = {isa = PBXBuildFile; fileRef = C2E6314025A80976005B2733 /* CardNum.swift */; };
/* End PBXBuildFile section */

/* Begin PBXCopyFilesBuildPhase section */
		C2E6304625A5595C005B2733 /* CopyFiles */ = {
			isa = PBXCopyFilesBuildPhase;
			buildActionMask = 2147483647;
			dstPath = /usr/share/man/man1/;
			dstSubfolderSpec = 0;
			files = (
			);
			runOnlyForDeploymentPostprocessing = 1;
		};
/* End PBXCopyFilesBuildPhase section */

/* Begin PBXFileReference section */
		C2E6304825A5595C005B2733 /* Poker */ = {isa = PBXFileReference; explicitFileType = "compiled.mach-o.executable"; includeInIndex = 0; path = Poker; sourceTree = BUILT_PRODUCTS_DIR; };
		C2E6304B25A5595C005B2733 /* main.swift */ = {isa = PBXFileReference; lastKnownFileType = sourcecode.swift; path = main.swift; sourceTree = "<group>"; };
		C2E6307325A6935D005B2733 /* Card.swift */ = {isa = PBXFileReference; lastKnownFileType = sourcecode.swift; path = Card.swift; sourceTree = "<group>"; };
		C2E6307A25A695E2005B2733 /* CardTest.xctest */ = {isa = PBXFileReference; explicitFileType = wrapper.cfbundle; includeInIndex = 0; path = CardTest.xctest; sourceTree = BUILT_PRODUCTS_DIR; };
		C2E6307C25A695E2005B2733 /* CardTest.swift */ = {isa = PBXFileReference; lastKnownFileType = sourcecode.swift; path = CardTest.swift; sourceTree = "<group>"; };
		C2E6307E25A695E2005B2733 /* Info.plist */ = {isa = PBXFileReference; lastKnownFileType = text.plist.xml; path = Info.plist; sourceTree = "<group>"; };
		C2E6308925A69C29005B2733 /* Deck.swift */ = {isa = PBXFileReference; lastKnownFileType = sourcecode.swift; path = Deck.swift; sourceTree = "<group>"; };
		C2E6309225A6A2A3005B2733 /* DeckTest.xctest */ = {isa = PBXFileReference; explicitFileType = wrapper.cfbundle; includeInIndex = 0; path = DeckTest.xctest; sourceTree = BUILT_PRODUCTS_DIR; };
		C2E6309425A6A2A3005B2733 /* DeckTest.swift */ = {isa = PBXFileReference; lastKnownFileType = sourcecode.swift; path = DeckTest.swift; sourceTree = "<group>"; };
		C2E6309625A6A2A3005B2733 /* Info.plist */ = {isa = PBXFileReference; lastKnownFileType = text.plist.xml; path = Info.plist; sourceTree = "<group>"; };
		C2E630A925A6B3F3005B2733 /* GameTable.swift */ = {isa = PBXFileReference; lastKnownFileType = sourcecode.swift; path = GameTable.swift; sourceTree = "<group>"; };
		C2E630AE25A6B3FB005B2733 /* Player.swift */ = {isa = PBXFileReference; lastKnownFileType = sourcecode.swift; path = Player.swift; sourceTree = "<group>"; };
		C2E630B325A6B41C005B2733 /* Dealer.swift */ = {isa = PBXFileReference; lastKnownFileType = sourcecode.swift; path = Dealer.swift; sourceTree = "<group>"; };
		C2E630BC25A6D22B005B2733 /* GameTableTest.xctest */ = {isa = PBXFileReference; explicitFileType = wrapper.cfbundle; includeInIndex = 0; path = GameTableTest.xctest; sourceTree = BUILT_PRODUCTS_DIR; };
		C2E630BE25A6D22B005B2733 /* GameTableTest.swift */ = {isa = PBXFileReference; lastKnownFileType = sourcecode.swift; path = GameTableTest.swift; sourceTree = "<group>"; };
		C2E630C025A6D22B005B2733 /* Info.plist */ = {isa = PBXFileReference; lastKnownFileType = text.plist.xml; path = Info.plist; sourceTree = "<group>"; };
		C2E630F225A6E2AA005B2733 /* PlayerTest.xctest */ = {isa = PBXFileReference; explicitFileType = wrapper.cfbundle; includeInIndex = 0; path = PlayerTest.xctest; sourceTree = BUILT_PRODUCTS_DIR; };
		C2E630F425A6E2AA005B2733 /* PlayerTest.swift */ = {isa = PBXFileReference; lastKnownFileType = sourcecode.swift; path = PlayerTest.swift; sourceTree = "<group>"; };
		C2E630F625A6E2AA005B2733 /* Info.plist */ = {isa = PBXFileReference; lastKnownFileType = text.plist.xml; path = Info.plist; sourceTree = "<group>"; };
		C2E6314025A80976005B2733 /* CardNum.swift */ = {isa = PBXFileReference; lastKnownFileType = sourcecode.swift; path = CardNum.swift; sourceTree = "<group>"; };
/* End PBXFileReference section */

/* Begin PBXFrameworksBuildPhase section */
		C2E6304525A5595C005B2733 /* Frameworks */ = {
			isa = PBXFrameworksBuildPhase;
			buildActionMask = 2147483647;
			files = (
			);
			runOnlyForDeploymentPostprocessing = 0;
		};
		C2E6307725A695E2005B2733 /* Frameworks */ = {
			isa = PBXFrameworksBuildPhase;
			buildActionMask = 2147483647;
			files = (
			);
			runOnlyForDeploymentPostprocessing = 0;
		};
		C2E6308F25A6A2A3005B2733 /* Frameworks */ = {
			isa = PBXFrameworksBuildPhase;
			buildActionMask = 2147483647;
			files = (
			);
			runOnlyForDeploymentPostprocessing = 0;
		};
		C2E630B925A6D22B005B2733 /* Frameworks */ = {
			isa = PBXFrameworksBuildPhase;
			buildActionMask = 2147483647;
			files = (
			);
			runOnlyForDeploymentPostprocessing = 0;
		};
		C2E630EF25A6E2AA005B2733 /* Frameworks */ = {
			isa = PBXFrameworksBuildPhase;
			buildActionMask = 2147483647;
			files = (
			);
			runOnlyForDeploymentPostprocessing = 0;
		};
/* End PBXFrameworksBuildPhase section */

/* Begin PBXGroup section */
		C2E6303F25A5595C005B2733 = {
			isa = PBXGroup;
			children = (
				C2E6304A25A5595C005B2733 /* Poker */,
				C2E6307B25A695E2005B2733 /* CardTest */,
				C2E6309325A6A2A3005B2733 /* DeckTest */,
				C2E630BD25A6D22B005B2733 /* GameTableTest */,
				C2E630F325A6E2AA005B2733 /* PlayerTest */,
				C2E6304925A5595C005B2733 /* Products */,
			);
			sourceTree = "<group>";
		};
		C2E6304925A5595C005B2733 /* Products */ = {
			isa = PBXGroup;
			children = (
				C2E6304825A5595C005B2733 /* Poker */,
				C2E6307A25A695E2005B2733 /* CardTest.xctest */,
				C2E6309225A6A2A3005B2733 /* DeckTest.xctest */,
				C2E630BC25A6D22B005B2733 /* GameTableTest.xctest */,
				C2E630F225A6E2AA005B2733 /* PlayerTest.xctest */,
			);
			name = Products;
			sourceTree = "<group>";
		};
		C2E6304A25A5595C005B2733 /* Poker */ = {
			isa = PBXGroup;
			children = (
				C2E6313F25A80969005B2733 /* Enum */,
				C2E6304B25A5595C005B2733 /* main.swift */,
				C2E6307325A6935D005B2733 /* Card.swift */,
				C2E6308925A69C29005B2733 /* Deck.swift */,
				C2E630A925A6B3F3005B2733 /* GameTable.swift */,
				C2E630AE25A6B3FB005B2733 /* Player.swift */,
				C2E630B325A6B41C005B2733 /* Dealer.swift */,
			);
			path = Poker;
			sourceTree = "<group>";
		};
		C2E6307B25A695E2005B2733 /* CardTest */ = {
			isa = PBXGroup;
			children = (
				C2E6307C25A695E2005B2733 /* CardTest.swift */,
				C2E6307E25A695E2005B2733 /* Info.plist */,
			);
			path = CardTest;
			sourceTree = "<group>";
		};
		C2E6309325A6A2A3005B2733 /* DeckTest */ = {
			isa = PBXGroup;
			children = (
				C2E6309425A6A2A3005B2733 /* DeckTest.swift */,
				C2E6309625A6A2A3005B2733 /* Info.plist */,
			);
			path = DeckTest;
			sourceTree = "<group>";
		};
		C2E630BD25A6D22B005B2733 /* GameTableTest */ = {
			isa = PBXGroup;
			children = (
				C2E630BE25A6D22B005B2733 /* GameTableTest.swift */,
				C2E630C025A6D22B005B2733 /* Info.plist */,
			);
			path = GameTableTest;
			sourceTree = "<group>";
		};
		C2E630F325A6E2AA005B2733 /* PlayerTest */ = {
			isa = PBXGroup;
			children = (
				C2E630F425A6E2AA005B2733 /* PlayerTest.swift */,
				C2E630F625A6E2AA005B2733 /* Info.plist */,
			);
			path = PlayerTest;
			sourceTree = "<group>";
		};
		C2E6313F25A80969005B2733 /* Enum */ = {
			isa = PBXGroup;
			children = (
				C2E6314025A80976005B2733 /* CardNum.swift */,
			);
			path = Enum;
			sourceTree = "<group>";
		};
/* End PBXGroup section */

/* Begin PBXNativeTarget section */
		C2E6304725A5595C005B2733 /* Poker */ = {
			isa = PBXNativeTarget;
			buildConfigurationList = C2E6304F25A5595C005B2733 /* Build configuration list for PBXNativeTarget "Poker" */;
			buildPhases = (
				C2E6304425A5595C005B2733 /* Sources */,
				C2E6304525A5595C005B2733 /* Frameworks */,
				C2E6304625A5595C005B2733 /* CopyFiles */,
			);
			buildRules = (
			);
			dependencies = (
			);
			name = Poker;
			productName = Poker;
			productReference = C2E6304825A5595C005B2733 /* Poker */;
			productType = "com.apple.product-type.tool";
		};
		C2E6307925A695E2005B2733 /* CardTest */ = {
			isa = PBXNativeTarget;
			buildConfigurationList = C2E6307F25A695E2005B2733 /* Build configuration list for PBXNativeTarget "CardTest" */;
			buildPhases = (
				C2E6307625A695E2005B2733 /* Sources */,
				C2E6307725A695E2005B2733 /* Frameworks */,
				C2E6307825A695E2005B2733 /* Resources */,
			);
			buildRules = (
			);
			dependencies = (
			);
			name = CardTest;
			productName = CardTest;
			productReference = C2E6307A25A695E2005B2733 /* CardTest.xctest */;
			productType = "com.apple.product-type.bundle.unit-test";
		};
		C2E6309125A6A2A3005B2733 /* DeckTest */ = {
			isa = PBXNativeTarget;
			buildConfigurationList = C2E6309725A6A2A3005B2733 /* Build configuration list for PBXNativeTarget "DeckTest" */;
			buildPhases = (
				C2E6308E25A6A2A3005B2733 /* Sources */,
				C2E6308F25A6A2A3005B2733 /* Frameworks */,
				C2E6309025A6A2A3005B2733 /* Resources */,
			);
			buildRules = (
			);
			dependencies = (
			);
			name = DeckTest;
			productName = DeckTest;
			productReference = C2E6309225A6A2A3005B2733 /* DeckTest.xctest */;
			productType = "com.apple.product-type.bundle.unit-test";
		};
		C2E630BB25A6D22B005B2733 /* GameTableTest */ = {
			isa = PBXNativeTarget;
			buildConfigurationList = C2E630C125A6D22B005B2733 /* Build configuration list for PBXNativeTarget "GameTableTest" */;
			buildPhases = (
				C2E630B825A6D22B005B2733 /* Sources */,
				C2E630B925A6D22B005B2733 /* Frameworks */,
				C2E630BA25A6D22B005B2733 /* Resources */,
			);
			buildRules = (
			);
			dependencies = (
			);
			name = GameTableTest;
			productName = GameTableTest;
			productReference = C2E630BC25A6D22B005B2733 /* GameTableTest.xctest */;
			productType = "com.apple.product-type.bundle.unit-test";
		};
		C2E630F125A6E2AA005B2733 /* PlayerTest */ = {
			isa = PBXNativeTarget;
			buildConfigurationList = C2E630F725A6E2AA005B2733 /* Build configuration list for PBXNativeTarget "PlayerTest" */;
			buildPhases = (
				C2E630EE25A6E2AA005B2733 /* Sources */,
				C2E630EF25A6E2AA005B2733 /* Frameworks */,
				C2E630F025A6E2AA005B2733 /* Resources */,
			);
			buildRules = (
			);
			dependencies = (
			);
			name = PlayerTest;
			productName = PlayerTest;
			productReference = C2E630F225A6E2AA005B2733 /* PlayerTest.xctest */;
			productType = "com.apple.product-type.bundle.unit-test";
		};
/* End PBXNativeTarget section */

/* Begin PBXProject section */
		C2E6304025A5595C005B2733 /* Project object */ = {
			isa = PBXProject;
			attributes = {
				LastSwiftUpdateCheck = 1230;
				LastUpgradeCheck = 1230;
				TargetAttributes = {
					C2E6304725A5595C005B2733 = {
						CreatedOnToolsVersion = 12.3;
					};
					C2E6307925A695E2005B2733 = {
						CreatedOnToolsVersion = 12.3;
					};
					C2E6309125A6A2A3005B2733 = {
						CreatedOnToolsVersion = 12.3;
					};
					C2E630BB25A6D22B005B2733 = {
						CreatedOnToolsVersion = 12.3;
					};
					C2E630F125A6E2AA005B2733 = {
						CreatedOnToolsVersion = 12.3;
					};
				};
			};
			buildConfigurationList = C2E6304325A5595C005B2733 /* Build configuration list for PBXProject "Poker" */;
			compatibilityVersion = "Xcode 9.3";
			developmentRegion = en;
			hasScannedForEncodings = 0;
			knownRegions = (
				en,
				Base,
			);
			mainGroup = C2E6303F25A5595C005B2733;
			productRefGroup = C2E6304925A5595C005B2733 /* Products */;
			projectDirPath = "";
			projectRoot = "";
			targets = (
				C2E6304725A5595C005B2733 /* Poker */,
				C2E6307925A695E2005B2733 /* CardTest */,
				C2E6309125A6A2A3005B2733 /* DeckTest */,
				C2E630BB25A6D22B005B2733 /* GameTableTest */,
				C2E630F125A6E2AA005B2733 /* PlayerTest */,
			);
		};
/* End PBXProject section */

/* Begin PBXResourcesBuildPhase section */
		C2E6307825A695E2005B2733 /* Resources */ = {
			isa = PBXResourcesBuildPhase;
			buildActionMask = 2147483647;
			files = (
			);
			runOnlyForDeploymentPostprocessing = 0;
		};
		C2E6309025A6A2A3005B2733 /* Resources */ = {
			isa = PBXResourcesBuildPhase;
			buildActionMask = 2147483647;
			files = (
			);
			runOnlyForDeploymentPostprocessing = 0;
		};
		C2E630BA25A6D22B005B2733 /* Resources */ = {
			isa = PBXResourcesBuildPhase;
			buildActionMask = 2147483647;
			files = (
			);
			runOnlyForDeploymentPostprocessing = 0;
		};
		C2E630F025A6E2AA005B2733 /* Resources */ = {
			isa = PBXResourcesBuildPhase;
			buildActionMask = 2147483647;
			files = (
			);
			runOnlyForDeploymentPostprocessing = 0;
		};
/* End PBXResourcesBuildPhase section */

/* Begin PBXSourcesBuildPhase section */
		C2E6304425A5595C005B2733 /* Sources */ = {
			isa = PBXSourcesBuildPhase;
			buildActionMask = 2147483647;
			files = (
				C2E630AA25A6B3F3005B2733 /* GameTable.swift in Sources */,
				C2E6308A25A69C29005B2733 /* Deck.swift in Sources */,
				C2E6314125A80976005B2733 /* CardNum.swift in Sources */,
				C2E630B425A6B41C005B2733 /* Dealer.swift in Sources */,
				C2E6304C25A5595C005B2733 /* main.swift in Sources */,
				C2E630AF25A6B3FB005B2733 /* Player.swift in Sources */,
				C2E6307425A6935D005B2733 /* Card.swift in Sources */,
			);
			runOnlyForDeploymentPostprocessing = 0;
		};
		C2E6307625A695E2005B2733 /* Sources */ = {
			isa = PBXSourcesBuildPhase;
			buildActionMask = 2147483647;
			files = (
				C2E6307D25A695E2005B2733 /* CardTest.swift in Sources */,
				C2E6308425A695E6005B2733 /* Card.swift in Sources */,
			);
			runOnlyForDeploymentPostprocessing = 0;
		};
		C2E6308E25A6A2A3005B2733 /* Sources */ = {
			isa = PBXSourcesBuildPhase;
			buildActionMask = 2147483647;
			files = (
				C2E6309D25A6A2A7005B2733 /* Deck.swift in Sources */,
				C2E6309E25A6A2AF005B2733 /* Card.swift in Sources */,
				C2E6309525A6A2A3005B2733 /* DeckTest.swift in Sources */,
			);
			runOnlyForDeploymentPostprocessing = 0;
		};
		C2E630B825A6D22B005B2733 /* Sources */ = {
			isa = PBXSourcesBuildPhase;
			buildActionMask = 2147483647;
			files = (
				C2E630D225A6D23B005B2733 /* Player.swift in Sources */,
				C2E630E125A6D466005B2733 /* Card.swift in Sources */,
				C2E630CD25A6D239005B2733 /* Deck.swift in Sources */,
				C2E630C825A6D233005B2733 /* GameTable.swift in Sources */,
				C2E630D725A6D23D005B2733 /* Dealer.swift in Sources */,
				C2E630BF25A6D22B005B2733 /* GameTableTest.swift in Sources */,
			);
			runOnlyForDeploymentPostprocessing = 0;
		};
		C2E630EE25A6E2AA005B2733 /* Sources */ = {
			isa = PBXSourcesBuildPhase;
			buildActionMask = 2147483647;
			files = (
				C2E630FF25A6E2B0005B2733 /* Player.swift in Sources */,
				C2E6310525A6E2B4005B2733 /* Card.swift in Sources */,
				C2E630F525A6E2AA005B2733 /* PlayerTest.swift in Sources */,
			);
			runOnlyForDeploymentPostprocessing = 0;
		};
/* End PBXSourcesBuildPhase section */

/* Begin XCBuildConfiguration section */
		C2E6304D25A5595C005B2733 /* Debug */ = {
			isa = XCBuildConfiguration;
			buildSettings = {
				ALWAYS_SEARCH_USER_PATHS = NO;
				CLANG_ANALYZER_NONNULL = YES;
				CLANG_ANALYZER_NUMBER_OBJECT_CONVERSION = YES_AGGRESSIVE;
				CLANG_CXX_LANGUAGE_STANDARD = "gnu++14";
				CLANG_CXX_LIBRARY = "libc++";
				CLANG_ENABLE_MODULES = YES;
				CLANG_ENABLE_OBJC_ARC = YES;
				CLANG_ENABLE_OBJC_WEAK = YES;
				CLANG_WARN_BLOCK_CAPTURE_AUTORELEASING = YES;
				CLANG_WARN_BOOL_CONVERSION = YES;
				CLANG_WARN_COMMA = YES;
				CLANG_WARN_CONSTANT_CONVERSION = YES;
				CLANG_WARN_DEPRECATED_OBJC_IMPLEMENTATIONS = YES;
				CLANG_WARN_DIRECT_OBJC_ISA_USAGE = YES_ERROR;
				CLANG_WARN_DOCUMENTATION_COMMENTS = YES;
				CLANG_WARN_EMPTY_BODY = YES;
				CLANG_WARN_ENUM_CONVERSION = YES;
				CLANG_WARN_INFINITE_RECURSION = YES;
				CLANG_WARN_INT_CONVERSION = YES;
				CLANG_WARN_NON_LITERAL_NULL_CONVERSION = YES;
				CLANG_WARN_OBJC_IMPLICIT_RETAIN_SELF = YES;
				CLANG_WARN_OBJC_LITERAL_CONVERSION = YES;
				CLANG_WARN_OBJC_ROOT_CLASS = YES_ERROR;
				CLANG_WARN_QUOTED_INCLUDE_IN_FRAMEWORK_HEADER = YES;
				CLANG_WARN_RANGE_LOOP_ANALYSIS = YES;
				CLANG_WARN_STRICT_PROTOTYPES = YES;
				CLANG_WARN_SUSPICIOUS_MOVE = YES;
				CLANG_WARN_UNGUARDED_AVAILABILITY = YES_AGGRESSIVE;
				CLANG_WARN_UNREACHABLE_CODE = YES;
				CLANG_WARN__DUPLICATE_METHOD_MATCH = YES;
				COPY_PHASE_STRIP = NO;
				DEBUG_INFORMATION_FORMAT = dwarf;
				ENABLE_STRICT_OBJC_MSGSEND = YES;
				ENABLE_TESTABILITY = YES;
				GCC_C_LANGUAGE_STANDARD = gnu11;
				GCC_DYNAMIC_NO_PIC = NO;
				GCC_NO_COMMON_BLOCKS = YES;
				GCC_OPTIMIZATION_LEVEL = 0;
				GCC_PREPROCESSOR_DEFINITIONS = (
					"DEBUG=1",
					"$(inherited)",
				);
				GCC_WARN_64_TO_32_BIT_CONVERSION = YES;
				GCC_WARN_ABOUT_RETURN_TYPE = YES_ERROR;
				GCC_WARN_UNDECLARED_SELECTOR = YES;
				GCC_WARN_UNINITIALIZED_AUTOS = YES_AGGRESSIVE;
				GCC_WARN_UNUSED_FUNCTION = YES;
				GCC_WARN_UNUSED_VARIABLE = YES;
				MACOSX_DEPLOYMENT_TARGET = 10.15;
				MTL_ENABLE_DEBUG_INFO = INCLUDE_SOURCE;
				MTL_FAST_MATH = YES;
				ONLY_ACTIVE_ARCH = YES;
				SDKROOT = macosx;
				SWIFT_ACTIVE_COMPILATION_CONDITIONS = DEBUG;
				SWIFT_OPTIMIZATION_LEVEL = "-Onone";
			};
			name = Debug;
		};
		C2E6304E25A5595C005B2733 /* Release */ = {
			isa = XCBuildConfiguration;
			buildSettings = {
				ALWAYS_SEARCH_USER_PATHS = NO;
				CLANG_ANALYZER_NONNULL = YES;
				CLANG_ANALYZER_NUMBER_OBJECT_CONVERSION = YES_AGGRESSIVE;
				CLANG_CXX_LANGUAGE_STANDARD = "gnu++14";
				CLANG_CXX_LIBRARY = "libc++";
				CLANG_ENABLE_MODULES = YES;
				CLANG_ENABLE_OBJC_ARC = YES;
				CLANG_ENABLE_OBJC_WEAK = YES;
				CLANG_WARN_BLOCK_CAPTURE_AUTORELEASING = YES;
				CLANG_WARN_BOOL_CONVERSION = YES;
				CLANG_WARN_COMMA = YES;
				CLANG_WARN_CONSTANT_CONVERSION = YES;
				CLANG_WARN_DEPRECATED_OBJC_IMPLEMENTATIONS = YES;
				CLANG_WARN_DIRECT_OBJC_ISA_USAGE = YES_ERROR;
				CLANG_WARN_DOCUMENTATION_COMMENTS = YES;
				CLANG_WARN_EMPTY_BODY = YES;
				CLANG_WARN_ENUM_CONVERSION = YES;
				CLANG_WARN_INFINITE_RECURSION = YES;
				CLANG_WARN_INT_CONVERSION = YES;
				CLANG_WARN_NON_LITERAL_NULL_CONVERSION = YES;
				CLANG_WARN_OBJC_IMPLICIT_RETAIN_SELF = YES;
				CLANG_WARN_OBJC_LITERAL_CONVERSION = YES;
				CLANG_WARN_OBJC_ROOT_CLASS = YES_ERROR;
				CLANG_WARN_QUOTED_INCLUDE_IN_FRAMEWORK_HEADER = YES;
				CLANG_WARN_RANGE_LOOP_ANALYSIS = YES;
				CLANG_WARN_STRICT_PROTOTYPES = YES;
				CLANG_WARN_SUSPICIOUS_MOVE = YES;
				CLANG_WARN_UNGUARDED_AVAILABILITY = YES_AGGRESSIVE;
				CLANG_WARN_UNREACHABLE_CODE = YES;
				CLANG_WARN__DUPLICATE_METHOD_MATCH = YES;
				COPY_PHASE_STRIP = NO;
				DEBUG_INFORMATION_FORMAT = "dwarf-with-dsym";
				ENABLE_NS_ASSERTIONS = NO;
				ENABLE_STRICT_OBJC_MSGSEND = YES;
				GCC_C_LANGUAGE_STANDARD = gnu11;
				GCC_NO_COMMON_BLOCKS = YES;
				GCC_WARN_64_TO_32_BIT_CONVERSION = YES;
				GCC_WARN_ABOUT_RETURN_TYPE = YES_ERROR;
				GCC_WARN_UNDECLARED_SELECTOR = YES;
				GCC_WARN_UNINITIALIZED_AUTOS = YES_AGGRESSIVE;
				GCC_WARN_UNUSED_FUNCTION = YES;
				GCC_WARN_UNUSED_VARIABLE = YES;
				MACOSX_DEPLOYMENT_TARGET = 10.15;
				MTL_ENABLE_DEBUG_INFO = NO;
				MTL_FAST_MATH = YES;
				SDKROOT = macosx;
				SWIFT_COMPILATION_MODE = wholemodule;
				SWIFT_OPTIMIZATION_LEVEL = "-O";
			};
			name = Release;
		};
		C2E6305025A5595C005B2733 /* Debug */ = {
			isa = XCBuildConfiguration;
			buildSettings = {
				CODE_SIGN_STYLE = Automatic;
				DEVELOPMENT_TEAM = 46A8TRH8G6;
				ENABLE_HARDENED_RUNTIME = YES;
				PRODUCT_NAME = "$(TARGET_NAME)";
				SWIFT_VERSION = 5.0;
			};
			name = Debug;
		};
		C2E6305125A5595C005B2733 /* Release */ = {
			isa = XCBuildConfiguration;
			buildSettings = {
				CODE_SIGN_STYLE = Automatic;
				DEVELOPMENT_TEAM = 46A8TRH8G6;
				ENABLE_HARDENED_RUNTIME = YES;
				PRODUCT_NAME = "$(TARGET_NAME)";
				SWIFT_VERSION = 5.0;
			};
			name = Release;
		};
		C2E6308025A695E2005B2733 /* Debug */ = {
			isa = XCBuildConfiguration;
			buildSettings = {
				CODE_SIGN_STYLE = Automatic;
				COMBINE_HIDPI_IMAGES = YES;
				DEVELOPMENT_TEAM = 46A8TRH8G6;
				INFOPLIST_FILE = CardTest/Info.plist;
				LD_RUNPATH_SEARCH_PATHS = (
					"$(inherited)",
					"@executable_path/../Frameworks",
					"@loader_path/../Frameworks",
				);
				PRODUCT_BUNDLE_IDENTIFIER = com.daumkakao.CardTest;
				PRODUCT_NAME = "$(TARGET_NAME)";
				SWIFT_VERSION = 5.0;
			};
			name = Debug;
		};
		C2E6308125A695E2005B2733 /* Release */ = {
			isa = XCBuildConfiguration;
			buildSettings = {
				CODE_SIGN_STYLE = Automatic;
				COMBINE_HIDPI_IMAGES = YES;
				DEVELOPMENT_TEAM = 46A8TRH8G6;
				INFOPLIST_FILE = CardTest/Info.plist;
				LD_RUNPATH_SEARCH_PATHS = (
					"$(inherited)",
					"@executable_path/../Frameworks",
					"@loader_path/../Frameworks",
				);
				PRODUCT_BUNDLE_IDENTIFIER = com.daumkakao.CardTest;
				PRODUCT_NAME = "$(TARGET_NAME)";
				SWIFT_VERSION = 5.0;
			};
			name = Release;
		};
		C2E6309825A6A2A3005B2733 /* Debug */ = {
			isa = XCBuildConfiguration;
			buildSettings = {
				CODE_SIGN_STYLE = Automatic;
				COMBINE_HIDPI_IMAGES = YES;
				DEVELOPMENT_TEAM = 46A8TRH8G6;
				INFOPLIST_FILE = DeckTest/Info.plist;
				LD_RUNPATH_SEARCH_PATHS = (
					"$(inherited)",
					"@executable_path/../Frameworks",
					"@loader_path/../Frameworks",
				);
				PRODUCT_BUNDLE_IDENTIFIER = com.daumkakao.DeckTest;
				PRODUCT_NAME = "$(TARGET_NAME)";
				SWIFT_VERSION = 5.0;
			};
			name = Debug;
		};
		C2E6309925A6A2A3005B2733 /* Release */ = {
			isa = XCBuildConfiguration;
			buildSettings = {
				CODE_SIGN_STYLE = Automatic;
				COMBINE_HIDPI_IMAGES = YES;
				DEVELOPMENT_TEAM = 46A8TRH8G6;
				INFOPLIST_FILE = DeckTest/Info.plist;
				LD_RUNPATH_SEARCH_PATHS = (
					"$(inherited)",
					"@executable_path/../Frameworks",
					"@loader_path/../Frameworks",
				);
				PRODUCT_BUNDLE_IDENTIFIER = com.daumkakao.DeckTest;
				PRODUCT_NAME = "$(TARGET_NAME)";
				SWIFT_VERSION = 5.0;
			};
			name = Release;
		};
		C2E630C225A6D22B005B2733 /* Debug */ = {
			isa = XCBuildConfiguration;
			buildSettings = {
				CODE_SIGN_STYLE = Automatic;
				COMBINE_HIDPI_IMAGES = YES;
				DEVELOPMENT_TEAM = 46A8TRH8G6;
				INFOPLIST_FILE = GameTableTest/Info.plist;
				LD_RUNPATH_SEARCH_PATHS = (
					"$(inherited)",
					"@executable_path/../Frameworks",
					"@loader_path/../Frameworks",
				);
				PRODUCT_BUNDLE_IDENTIFIER = com.daumkakao.GameTableTest;
				PRODUCT_NAME = "$(TARGET_NAME)";
				SWIFT_VERSION = 5.0;
			};
			name = Debug;
		};
		C2E630C325A6D22B005B2733 /* Release */ = {
			isa = XCBuildConfiguration;
			buildSettings = {
				CODE_SIGN_STYLE = Automatic;
				COMBINE_HIDPI_IMAGES = YES;
				DEVELOPMENT_TEAM = 46A8TRH8G6;
				INFOPLIST_FILE = GameTableTest/Info.plist;
				LD_RUNPATH_SEARCH_PATHS = (
					"$(inherited)",
					"@executable_path/../Frameworks",
					"@loader_path/../Frameworks",
				);
				PRODUCT_BUNDLE_IDENTIFIER = com.daumkakao.GameTableTest;
				PRODUCT_NAME = "$(TARGET_NAME)";
				SWIFT_VERSION = 5.0;
			};
			name = Release;
		};
		C2E630F825A6E2AA005B2733 /* Debug */ = {
			isa = XCBuildConfiguration;
			buildSettings = {
				CODE_SIGN_STYLE = Automatic;
				COMBINE_HIDPI_IMAGES = YES;
				DEVELOPMENT_TEAM = 46A8TRH8G6;
				INFOPLIST_FILE = PlayerTest/Info.plist;
				LD_RUNPATH_SEARCH_PATHS = (
					"$(inherited)",
					"@executable_path/../Frameworks",
					"@loader_path/../Frameworks",
				);
				PRODUCT_BUNDLE_IDENTIFIER = com.daumkakao.PlayerTest;
				PRODUCT_NAME = "$(TARGET_NAME)";
				SWIFT_VERSION = 5.0;
			};
			name = Debug;
		};
		C2E630F925A6E2AA005B2733 /* Release */ = {
			isa = XCBuildConfiguration;
			buildSettings = {
				CODE_SIGN_STYLE = Automatic;
				COMBINE_HIDPI_IMAGES = YES;
				DEVELOPMENT_TEAM = 46A8TRH8G6;
				INFOPLIST_FILE = PlayerTest/Info.plist;
				LD_RUNPATH_SEARCH_PATHS = (
					"$(inherited)",
					"@executable_path/../Frameworks",
					"@loader_path/../Frameworks",
				);
				PRODUCT_BUNDLE_IDENTIFIER = com.daumkakao.PlayerTest;
				PRODUCT_NAME = "$(TARGET_NAME)";
				SWIFT_VERSION = 5.0;
			};
			name = Release;
		};
/* End XCBuildConfiguration section */

/* Begin XCConfigurationList section */
		C2E6304325A5595C005B2733 /* Build configuration list for PBXProject "Poker" */ = {
			isa = XCConfigurationList;
			buildConfigurations = (
				C2E6304D25A5595C005B2733 /* Debug */,
				C2E6304E25A5595C005B2733 /* Release */,
			);
			defaultConfigurationIsVisible = 0;
			defaultConfigurationName = Release;
		};
		C2E6304F25A5595C005B2733 /* Build configuration list for PBXNativeTarget "Poker" */ = {
			isa = XCConfigurationList;
			buildConfigurations = (
				C2E6305025A5595C005B2733 /* Debug */,
				C2E6305125A5595C005B2733 /* Release */,
			);
			defaultConfigurationIsVisible = 0;
			defaultConfigurationName = Release;
		};
		C2E6307F25A695E2005B2733 /* Build configuration list for PBXNativeTarget "CardTest" */ = {
			isa = XCConfigurationList;
			buildConfigurations = (
				C2E6308025A695E2005B2733 /* Debug */,
				C2E6308125A695E2005B2733 /* Release */,
			);
			defaultConfigurationIsVisible = 0;
			defaultConfigurationName = Release;
		};
		C2E6309725A6A2A3005B2733 /* Build configuration list for PBXNativeTarget "DeckTest" */ = {
			isa = XCConfigurationList;
			buildConfigurations = (
				C2E6309825A6A2A3005B2733 /* Debug */,
				C2E6309925A6A2A3005B2733 /* Release */,
			);
			defaultConfigurationIsVisible = 0;
			defaultConfigurationName = Release;
		};
		C2E630C125A6D22B005B2733 /* Build configuration list for PBXNativeTarget "GameTableTest" */ = {
			isa = XCConfigurationList;
			buildConfigurations = (
				C2E630C225A6D22B005B2733 /* Debug */,
				C2E630C325A6D22B005B2733 /* Release */,
			);
			defaultConfigurationIsVisible = 0;
			defaultConfigurationName = Release;
		};
		C2E630F725A6E2AA005B2733 /* Build configuration list for PBXNativeTarget "PlayerTest" */ = {
			isa = XCConfigurationList;
			buildConfigurations = (
				C2E630F825A6E2AA005B2733 /* Debug */,
				C2E630F925A6E2AA005B2733 /* Release */,
			);
			defaultConfigurationIsVisible = 0;
			defaultConfigurationName = Release;
		};
/* End XCConfigurationList section */
	};
	rootObject = C2E6304025A5595C005B2733 /* Project object */;
}
